// !$*UTF8*$!
{
	archiveVersion = 1;
	classes = {
	};
	objectVersion = 55;
	objects = {

/* Begin PBXBuildFile section */
		33B882A327BBC41A00BB897E /* MovementManager.swift in Sources */ = {isa = PBXBuildFile; fileRef = 33B882A227BBC41A00BB897E /* MovementManager.swift */; };
		33B882A527BBEF3500BB897E /* Enemy.swift in Sources */ = {isa = PBXBuildFile; fileRef = 33B882A427BBEF3500BB897E /* Enemy.swift */; };
		33B882A727BBF2FB00BB897E /* TestEnemy.swift in Sources */ = {isa = PBXBuildFile; fileRef = 33B882A627BBF2FB00BB897E /* TestEnemy.swift */; };
		33BFC5C827BBA567008DBA03 /* StartMenuScene.sks in Resources */ = {isa = PBXBuildFile; fileRef = 33BFC5C727BBA567008DBA03 /* StartMenuScene.sks */; };
		33BFC5CA27BBA5A9008DBA03 /* StartMenuScene.swift in Sources */ = {isa = PBXBuildFile; fileRef = 33BFC5C927BBA5A9008DBA03 /* StartMenuScene.swift */; };
		C801D2E827BBAF2F008B1CD5 /* Player.swift in Sources */ = {isa = PBXBuildFile; fileRef = C801D2E727BBAF2F008B1CD5 /* Player.swift */; };
		C801D2EA27BBB031008B1CD5 /* Types.swift in Sources */ = {isa = PBXBuildFile; fileRef = C801D2E927BBB031008B1CD5 /* Types.swift */; };
		C815F79227B400480084DE7A /* AppDelegate.swift in Sources */ = {isa = PBXBuildFile; fileRef = C815F79127B400480084DE7A /* AppDelegate.swift */; };
		C815F79427B400490084DE7A /* GameScene.sks in Resources */ = {isa = PBXBuildFile; fileRef = C815F79327B400490084DE7A /* GameScene.sks */; };
		C815F79827B400490084DE7A /* GameScene.swift in Sources */ = {isa = PBXBuildFile; fileRef = C815F79727B400490084DE7A /* GameScene.swift */; };
		C815F79A27B400490084DE7A /* GameViewController.swift in Sources */ = {isa = PBXBuildFile; fileRef = C815F79927B400490084DE7A /* GameViewController.swift */; };
		C815F79D27B400490084DE7A /* Main.storyboard in Resources */ = {isa = PBXBuildFile; fileRef = C815F79B27B400490084DE7A /* Main.storyboard */; };
		C815F79F27B400490084DE7A /* Assets.xcassets in Resources */ = {isa = PBXBuildFile; fileRef = C815F79E27B400490084DE7A /* Assets.xcassets */; };
		C815F7A227B400490084DE7A /* LaunchScreen.storyboard in Resources */ = {isa = PBXBuildFile; fileRef = C815F7A027B400490084DE7A /* LaunchScreen.storyboard */; };
		C869390D27BA66E100EEF877 /* TileSet Placeholder.sks in Resources */ = {isa = PBXBuildFile; fileRef = C869390C27BA66E100EEF877 /* TileSet Placeholder.sks */; };
		C89C6F1A27BC12B700C8AC0F /* BreakableObject.swift in Sources */ = {isa = PBXBuildFile; fileRef = C89C6F1927BC12B700C8AC0F /* BreakableObject.swift */; };
/* End PBXBuildFile section */

/* Begin PBXFileReference section */
		33B882A227BBC41A00BB897E /* MovementManager.swift */ = {isa = PBXFileReference; lastKnownFileType = sourcecode.swift; path = MovementManager.swift; sourceTree = "<group>"; };
		33B882A427BBEF3500BB897E /* Enemy.swift */ = {isa = PBXFileReference; lastKnownFileType = sourcecode.swift; path = Enemy.swift; sourceTree = "<group>"; };
		33B882A627BBF2FB00BB897E /* TestEnemy.swift */ = {isa = PBXFileReference; lastKnownFileType = sourcecode.swift; path = TestEnemy.swift; sourceTree = "<group>"; };
		33BFC5C727BBA567008DBA03 /* StartMenuScene.sks */ = {isa = PBXFileReference; lastKnownFileType = file.sks; path = StartMenuScene.sks; sourceTree = "<group>"; };
		33BFC5C927BBA5A9008DBA03 /* StartMenuScene.swift */ = {isa = PBXFileReference; lastKnownFileType = sourcecode.swift; path = StartMenuScene.swift; sourceTree = "<group>"; };
		C801D2E727BBAF2F008B1CD5 /* Player.swift */ = {isa = PBXFileReference; lastKnownFileType = sourcecode.swift; path = Player.swift; sourceTree = "<group>"; };
		C801D2E927BBB031008B1CD5 /* Types.swift */ = {isa = PBXFileReference; lastKnownFileType = sourcecode.swift; path = Types.swift; sourceTree = "<group>"; };
		C815F78E27B400480084DE7A /* BomberMan.app */ = {isa = PBXFileReference; explicitFileType = wrapper.application; includeInIndex = 0; path = BomberMan.app; sourceTree = BUILT_PRODUCTS_DIR; };
		C815F79127B400480084DE7A /* AppDelegate.swift */ = {isa = PBXFileReference; lastKnownFileType = sourcecode.swift; path = AppDelegate.swift; sourceTree = "<group>"; };
		C815F79327B400490084DE7A /* GameScene.sks */ = {isa = PBXFileReference; lastKnownFileType = file.sks; path = GameScene.sks; sourceTree = "<group>"; };
		C815F79727B400490084DE7A /* GameScene.swift */ = {isa = PBXFileReference; lastKnownFileType = sourcecode.swift; path = GameScene.swift; sourceTree = "<group>"; };
		C815F79927B400490084DE7A /* GameViewController.swift */ = {isa = PBXFileReference; lastKnownFileType = sourcecode.swift; path = GameViewController.swift; sourceTree = "<group>"; };
		C815F79C27B400490084DE7A /* Base */ = {isa = PBXFileReference; lastKnownFileType = file.storyboard; name = Base; path = Base.lproj/Main.storyboard; sourceTree = "<group>"; };
		C815F79E27B400490084DE7A /* Assets.xcassets */ = {isa = PBXFileReference; lastKnownFileType = folder.assetcatalog; path = Assets.xcassets; sourceTree = "<group>"; };
		C815F7A127B400490084DE7A /* Base */ = {isa = PBXFileReference; lastKnownFileType = file.storyboard; name = Base; path = Base.lproj/LaunchScreen.storyboard; sourceTree = "<group>"; };
		C869390C27BA66E100EEF877 /* TileSet Placeholder.sks */ = {isa = PBXFileReference; lastKnownFileType = file.sks; path = "TileSet Placeholder.sks"; sourceTree = "<group>"; };
		C89C6F1927BC12B700C8AC0F /* BreakableObject.swift */ = {isa = PBXFileReference; lastKnownFileType = sourcecode.swift; path = BreakableObject.swift; sourceTree = "<group>"; };
/* End PBXFileReference section */

/* Begin PBXFrameworksBuildPhase section */
		C815F78B27B400480084DE7A /* Frameworks */ = {
			isa = PBXFrameworksBuildPhase;
			buildActionMask = 2147483647;
			files = (
			);
			runOnlyForDeploymentPostprocessing = 0;
		};
/* End PBXFrameworksBuildPhase section */

/* Begin PBXGroup section */
		C815F78527B400480084DE7A = {
			isa = PBXGroup;
			children = (
				C815F79027B400480084DE7A /* BomberMan */,
				C815F78F27B400480084DE7A /* Products */,
			);
			sourceTree = "<group>";
		};
		C815F78F27B400480084DE7A /* Products */ = {
			isa = PBXGroup;
			children = (
				C815F78E27B400480084DE7A /* BomberMan.app */,
			);
			name = Products;
			sourceTree = "<group>";
		};
		C815F79027B400480084DE7A /* BomberMan */ = {
			isa = PBXGroup;
			children = (
				C815F79127B400480084DE7A /* AppDelegate.swift */,
				C801D2E927BBB031008B1CD5 /* Types.swift */,
				C815F79927B400490084DE7A /* GameViewController.swift */,
				33BFC5C727BBA567008DBA03 /* StartMenuScene.sks */,
				33BFC5C927BBA5A9008DBA03 /* StartMenuScene.swift */,
				C815F79327B400490084DE7A /* GameScene.sks */,
				C815F79727B400490084DE7A /* GameScene.swift */,
				C89C6F1927BC12B700C8AC0F /* BreakableObject.swift */,
				C801D2E727BBAF2F008B1CD5 /* Player.swift */,
				33B882A427BBEF3500BB897E /* Enemy.swift */,
				33B882A627BBF2FB00BB897E /* TestEnemy.swift */,
				33B882A227BBC41A00BB897E /* MovementManager.swift */,
				C815F79B27B400490084DE7A /* Main.storyboard */,
				C815F79E27B400490084DE7A /* Assets.xcassets */,
				C815F7A027B400490084DE7A /* LaunchScreen.storyboard */,
				C869390C27BA66E100EEF877 /* TileSet Placeholder.sks */,
			);
			path = BomberMan;
			sourceTree = "<group>";
		};
/* End PBXGroup section */

/* Begin PBXNativeTarget section */
		C815F78D27B400480084DE7A /* BomberMan */ = {
			isa = PBXNativeTarget;
			buildConfigurationList = C815F7A527B400490084DE7A /* Build configuration list for PBXNativeTarget "BomberMan" */;
			buildPhases = (
				C815F78A27B400480084DE7A /* Sources */,
				C815F78B27B400480084DE7A /* Frameworks */,
				C815F78C27B400480084DE7A /* Resources */,
			);
			buildRules = (
			);
			dependencies = (
			);
			name = BomberMan;
			productName = BomberMan;
			productReference = C815F78E27B400480084DE7A /* BomberMan.app */;
			productType = "com.apple.product-type.application";
		};
/* End PBXNativeTarget section */

/* Begin PBXProject section */
		C815F78627B400480084DE7A /* Project object */ = {
			isa = PBXProject;
			attributes = {
				BuildIndependentTargetsInParallel = 1;
				LastSwiftUpdateCheck = 1320;
				LastUpgradeCheck = 1320;
				TargetAttributes = {
					C815F78D27B400480084DE7A = {
						CreatedOnToolsVersion = 13.2.1;
					};
				};
			};
			buildConfigurationList = C815F78927B400480084DE7A /* Build configuration list for PBXProject "BomberMan" */;
			compatibilityVersion = "Xcode 13.0";
			developmentRegion = en;
			hasScannedForEncodings = 0;
			knownRegions = (
				en,
				Base,
			);
			mainGroup = C815F78527B400480084DE7A;
			productRefGroup = C815F78F27B400480084DE7A /* Products */;
			projectDirPath = "";
			projectRoot = "";
			targets = (
				C815F78D27B400480084DE7A /* BomberMan */,
			);
		};
/* End PBXProject section */

/* Begin PBXResourcesBuildPhase section */
		C815F78C27B400480084DE7A /* Resources */ = {
			isa = PBXResourcesBuildPhase;
			buildActionMask = 2147483647;
			files = (
				C815F79D27B400490084DE7A /* Main.storyboard in Resources */,
				C815F79427B400490084DE7A /* GameScene.sks in Resources */,
				33BFC5C827BBA567008DBA03 /* StartMenuScene.sks in Resources */,
				C815F79F27B400490084DE7A /* Assets.xcassets in Resources */,
				C869390D27BA66E100EEF877 /* TileSet Placeholder.sks in Resources */,
				C815F7A227B400490084DE7A /* LaunchScreen.storyboard in Resources */,
			);
			runOnlyForDeploymentPostprocessing = 0;
		};
/* End PBXResourcesBuildPhase section */

/* Begin PBXSourcesBuildPhase section */
		C815F78A27B400480084DE7A /* Sources */ = {
			isa = PBXSourcesBuildPhase;
			buildActionMask = 2147483647;
			files = (
				C89C6F1A27BC12B700C8AC0F /* BreakableObject.swift in Sources */,
				33BFC5CA27BBA5A9008DBA03 /* StartMenuScene.swift in Sources */,
				C815F79827B400490084DE7A /* GameScene.swift in Sources */,
				33B882A327BBC41A00BB897E /* MovementManager.swift in Sources */,
				C815F79A27B400490084DE7A /* GameViewController.swift in Sources */,
				33B882A727BBF2FB00BB897E /* TestEnemy.swift in Sources */,
				33B882A527BBEF3500BB897E /* Enemy.swift in Sources */,
				C801D2EA27BBB031008B1CD5 /* Types.swift in Sources */,
				C801D2E827BBAF2F008B1CD5 /* Player.swift in Sources */,
				C815F79227B400480084DE7A /* AppDelegate.swift in Sources */,
			);
			runOnlyForDeploymentPostprocessing = 0;
		};
/* End PBXSourcesBuildPhase section */

/* Begin PBXVariantGroup section */
		C815F79B27B400490084DE7A /* Main.storyboard */ = {
			isa = PBXVariantGroup;
			children = (
				C815F79C27B400490084DE7A /* Base */,
			);
			name = Main.storyboard;
			sourceTree = "<group>";
		};
		C815F7A027B400490084DE7A /* LaunchScreen.storyboard */ = {
			isa = PBXVariantGroup;
			children = (
				C815F7A127B400490084DE7A /* Base */,
			);
			name = LaunchScreen.storyboard;
			sourceTree = "<group>";
		};
/* End PBXVariantGroup section */

/* Begin XCBuildConfiguration section */
		C815F7A327B400490084DE7A /* Debug */ = {
			isa = XCBuildConfiguration;
			buildSettings = {
				ALWAYS_SEARCH_USER_PATHS = NO;
				CLANG_ANALYZER_NONNULL = YES;
				CLANG_ANALYZER_NUMBER_OBJECT_CONVERSION = YES_AGGRESSIVE;
				CLANG_CXX_LANGUAGE_STANDARD = "gnu++17";
				CLANG_CXX_LIBRARY = "libc++";
				CLANG_ENABLE_MODULES = YES;
				CLANG_ENABLE_OBJC_ARC = YES;
				CLANG_ENABLE_OBJC_WEAK = YES;
				CLANG_WARN_BLOCK_CAPTURE_AUTORELEASING = YES;
				CLANG_WARN_BOOL_CONVERSION = YES;
				CLANG_WARN_COMMA = YES;
				CLANG_WARN_CONSTANT_CONVERSION = YES;
				CLANG_WARN_DEPRECATED_OBJC_IMPLEMENTATIONS = YES;
				CLANG_WARN_DIRECT_OBJC_ISA_USAGE = YES_ERROR;
				CLANG_WARN_DOCUMENTATION_COMMENTS = YES;
				CLANG_WARN_EMPTY_BODY = YES;
				CLANG_WARN_ENUM_CONVERSION = YES;
				CLANG_WARN_INFINITE_RECURSION = YES;
				CLANG_WARN_INT_CONVERSION = YES;
				CLANG_WARN_NON_LITERAL_NULL_CONVERSION = YES;
				CLANG_WARN_OBJC_IMPLICIT_RETAIN_SELF = YES;
				CLANG_WARN_OBJC_LITERAL_CONVERSION = YES;
				CLANG_WARN_OBJC_ROOT_CLASS = YES_ERROR;
				CLANG_WARN_QUOTED_INCLUDE_IN_FRAMEWORK_HEADER = YES;
				CLANG_WARN_RANGE_LOOP_ANALYSIS = YES;
				CLANG_WARN_STRICT_PROTOTYPES = YES;
				CLANG_WARN_SUSPICIOUS_MOVE = YES;
				CLANG_WARN_UNGUARDED_AVAILABILITY = YES_AGGRESSIVE;
				CLANG_WARN_UNREACHABLE_CODE = YES;
				CLANG_WARN__DUPLICATE_METHOD_MATCH = YES;
				COPY_PHASE_STRIP = NO;
				DEBUG_INFORMATION_FORMAT = dwarf;
				ENABLE_STRICT_OBJC_MSGSEND = YES;
				ENABLE_TESTABILITY = YES;
				GCC_C_LANGUAGE_STANDARD = gnu11;
				GCC_DYNAMIC_NO_PIC = NO;
				GCC_NO_COMMON_BLOCKS = YES;
				GCC_OPTIMIZATION_LEVEL = 0;
				GCC_PREPROCESSOR_DEFINITIONS = (
					"DEBUG=1",
					"$(inherited)",
				);
				GCC_WARN_64_TO_32_BIT_CONVERSION = YES;
				GCC_WARN_ABOUT_RETURN_TYPE = YES_ERROR;
				GCC_WARN_UNDECLARED_SELECTOR = YES;
				GCC_WARN_UNINITIALIZED_AUTOS = YES_AGGRESSIVE;
				GCC_WARN_UNUSED_FUNCTION = YES;
				GCC_WARN_UNUSED_VARIABLE = YES;
				IPHONEOS_DEPLOYMENT_TARGET = 15.2;
				MTL_ENABLE_DEBUG_INFO = INCLUDE_SOURCE;
				MTL_FAST_MATH = YES;
				ONLY_ACTIVE_ARCH = YES;
				SDKROOT = iphoneos;
				SWIFT_ACTIVE_COMPILATION_CONDITIONS = DEBUG;
				SWIFT_OPTIMIZATION_LEVEL = "-Onone";
			};
			name = Debug;
		};
		C815F7A427B400490084DE7A /* Release */ = {
			isa = XCBuildConfiguration;
			buildSettings = {
				ALWAYS_SEARCH_USER_PATHS = NO;
				CLANG_ANALYZER_NONNULL = YES;
				CLANG_ANALYZER_NUMBER_OBJECT_CONVERSION = YES_AGGRESSIVE;
				CLANG_CXX_LANGUAGE_STANDARD = "gnu++17";
				CLANG_CXX_LIBRARY = "libc++";
				CLANG_ENABLE_MODULES = YES;
				CLANG_ENABLE_OBJC_ARC = YES;
				CLANG_ENABLE_OBJC_WEAK = YES;
				CLANG_WARN_BLOCK_CAPTURE_AUTORELEASING = YES;
				CLANG_WARN_BOOL_CONVERSION = YES;
				CLANG_WARN_COMMA = YES;
				CLANG_WARN_CONSTANT_CONVERSION = YES;
				CLANG_WARN_DEPRECATED_OBJC_IMPLEMENTATIONS = YES;
				CLANG_WARN_DIRECT_OBJC_ISA_USAGE = YES_ERROR;
				CLANG_WARN_DOCUMENTATION_COMMENTS = YES;
				CLANG_WARN_EMPTY_BODY = YES;
				CLANG_WARN_ENUM_CONVERSION = YES;
				CLANG_WARN_INFINITE_RECURSION = YES;
				CLANG_WARN_INT_CONVERSION = YES;
				CLANG_WARN_NON_LITERAL_NULL_CONVERSION = YES;
				CLANG_WARN_OBJC_IMPLICIT_RETAIN_SELF = YES;
				CLANG_WARN_OBJC_LITERAL_CONVERSION = YES;
				CLANG_WARN_OBJC_ROOT_CLASS = YES_ERROR;
				CLANG_WARN_QUOTED_INCLUDE_IN_FRAMEWORK_HEADER = YES;
				CLANG_WARN_RANGE_LOOP_ANALYSIS = YES;
				CLANG_WARN_STRICT_PROTOTYPES = YES;
				CLANG_WARN_SUSPICIOUS_MOVE = YES;
				CLANG_WARN_UNGUARDED_AVAILABILITY = YES_AGGRESSIVE;
				CLANG_WARN_UNREACHABLE_CODE = YES;
				CLANG_WARN__DUPLICATE_METHOD_MATCH = YES;
				COPY_PHASE_STRIP = NO;
				DEBUG_INFORMATION_FORMAT = "dwarf-with-dsym";
				ENABLE_NS_ASSERTIONS = NO;
				ENABLE_STRICT_OBJC_MSGSEND = YES;
				GCC_C_LANGUAGE_STANDARD = gnu11;
				GCC_NO_COMMON_BLOCKS = YES;
				GCC_WARN_64_TO_32_BIT_CONVERSION = YES;
				GCC_WARN_ABOUT_RETURN_TYPE = YES_ERROR;
				GCC_WARN_UNDECLARED_SELECTOR = YES;
				GCC_WARN_UNINITIALIZED_AUTOS = YES_AGGRESSIVE;
				GCC_WARN_UNUSED_FUNCTION = YES;
				GCC_WARN_UNUSED_VARIABLE = YES;
				IPHONEOS_DEPLOYMENT_TARGET = 15.2;
				MTL_ENABLE_DEBUG_INFO = NO;
				MTL_FAST_MATH = YES;
				SDKROOT = iphoneos;
				SWIFT_COMPILATION_MODE = wholemodule;
				SWIFT_OPTIMIZATION_LEVEL = "-O";
				VALIDATE_PRODUCT = YES;
			};
			name = Release;
		};
		C815F7A627B400490084DE7A /* Debug */ = {
			isa = XCBuildConfiguration;
			buildSettings = {
				ASSETCATALOG_COMPILER_APPICON_NAME = AppIcon;
				ASSETCATALOG_COMPILER_GLOBAL_ACCENT_COLOR_NAME = AccentColor;
				CODE_SIGN_STYLE = Automatic;
				CURRENT_PROJECT_VERSION = 1;
				DEVELOPMENT_TEAM = 3P2G45WJH3;
				GENERATE_INFOPLIST_FILE = YES;
				INFOPLIST_KEY_UIApplicationSupportsIndirectInputEvents = YES;
				INFOPLIST_KEY_UILaunchStoryboardName = LaunchScreen;
				INFOPLIST_KEY_UIMainStoryboardFile = Main;
				INFOPLIST_KEY_UIStatusBarHidden = YES;
				INFOPLIST_KEY_UISupportedInterfaceOrientations = "UIInterfaceOrientationLandscapeLeft UIInterfaceOrientationLandscapeRight";
				INFOPLIST_KEY_UISupportedInterfaceOrientations_iPad = "UIInterfaceOrientationLandscapeLeft UIInterfaceOrientationLandscapeRight";
				INFOPLIST_KEY_UISupportedInterfaceOrientations_iPhone = "UIInterfaceOrientationLandscapeLeft UIInterfaceOrientationLandscapeRight";
				LD_RUNPATH_SEARCH_PATHS = (
					"$(inherited)",
					"@executable_path/Frameworks",
				);
				MARKETING_VERSION = 1.0;
				PRODUCT_BUNDLE_IDENTIFIER = com.LucaSalmi.BomberMan;
				PRODUCT_NAME = "$(TARGET_NAME)";
				SWIFT_EMIT_LOC_STRINGS = YES;
				SWIFT_VERSION = 5.0;
				TARGETED_DEVICE_FAMILY = "1,2";
			};
			name = Debug;
		};
		C815F7A727B400490084DE7A /* Release */ = {
			isa = XCBuildConfiguration;
			buildSettings = {
				ASSETCATALOG_COMPILER_APPICON_NAME = AppIcon;
				ASSETCATALOG_COMPILER_GLOBAL_ACCENT_COLOR_NAME = AccentColor;
				CODE_SIGN_STYLE = Automatic;
				CURRENT_PROJECT_VERSION = 1;
				DEVELOPMENT_TEAM = 3P2G45WJH3;
				GENERATE_INFOPLIST_FILE = YES;
				INFOPLIST_KEY_UIApplicationSupportsIndirectInputEvents = YES;
				INFOPLIST_KEY_UILaunchStoryboardName = LaunchScreen;
				INFOPLIST_KEY_UIMainStoryboardFile = Main;
				INFOPLIST_KEY_UIStatusBarHidden = YES;
				INFOPLIST_KEY_UISupportedInterfaceOrientations = "UIInterfaceOrientationLandscapeLeft UIInterfaceOrientationLandscapeRight";
				INFOPLIST_KEY_UISupportedInterfaceOrientations_iPad = "UIInterfaceOrientationLandscapeLeft UIInterfaceOrientationLandscapeRight";
				INFOPLIST_KEY_UISupportedInterfaceOrientations_iPhone = "UIInterfaceOrientationLandscapeLeft UIInterfaceOrientationLandscapeRight";
				LD_RUNPATH_SEARCH_PATHS = (
					"$(inherited)",
					"@executable_path/Frameworks",
				);
				MARKETING_VERSION = 1.0;
				PRODUCT_BUNDLE_IDENTIFIER = com.LucaSalmi.BomberMan;
				PRODUCT_NAME = "$(TARGET_NAME)";
				SWIFT_EMIT_LOC_STRINGS = YES;
				SWIFT_VERSION = 5.0;
				TARGETED_DEVICE_FAMILY = "1,2";
			};
			name = Release;
		};
/* End XCBuildConfiguration section */

/* Begin XCConfigurationList section */
		C815F78927B400480084DE7A /* Build configuration list for PBXProject "BomberMan" */ = {
			isa = XCConfigurationList;
			buildConfigurations = (
				C815F7A327B400490084DE7A /* Debug */,
				C815F7A427B400490084DE7A /* Release */,
			);
			defaultConfigurationIsVisible = 0;
			defaultConfigurationName = Release;
		};
		C815F7A527B400490084DE7A /* Build configuration list for PBXNativeTarget "BomberMan" */ = {
			isa = XCConfigurationList;
			buildConfigurations = (
				C815F7A627B400490084DE7A /* Debug */,
				C815F7A727B400490084DE7A /* Release */,
			);
			defaultConfigurationIsVisible = 0;
			defaultConfigurationName = Release;
		};
/* End XCConfigurationList section */
	};
	rootObject = C815F78627B400480084DE7A /* Project object */;
}
